{
  "name": "lopez_portfolio",
  "lockfileVersion": 3,
  "requires": true,
  "packages": {
    "": {
      "dependencies": {
        "22": "^0.0.0",
        "create-vite": "^9.0.6"
      }
    },
    "node_modules/22": {
      "version": "0.0.0",
      "resolved": "https://registry.npmjs.org/22/-/22-0.0.0.tgz",
      "integrity": "sha512-MdBPNDaCFY4fZVpp14n3Mt4isZ2yS1DrIiOig/iMLljr4zDa0g/583xf/lFXNPwhxCfGKYvyWJSrYyS8jNk2mQ=="
    },
    "node_modules/create-vite": {
      "version": "9.0.6",
      "resolved": "https://registry.npmjs.org/create-vite/-/create-vite-9.0.6.tgz",
      "integrity": "sha512-OJKuMfUtJYi+lnY0VLA44uunSYvlvbgQpVLkD41d6WrTgH58Md1iajb2NM6dl+rXSwwmLeouDdTT65kFHDNjIA==",
      "bin": {
        "create-vite": "index.js",
        "cva": "index.js"
      },
      "engines": {
        "node": "^20.19.0 || >=22.12.0"
      },
      "funding": {
        "url": "https://github.com/vitejs/vite?sponsor=1"
      }
    }
  }
}
